{
  "name": "mini-sudoku-backend",
  "version": "0.1.0",
  "lockfileVersion": 3,
  "requires": true,
  "packages": {
    "": {
      "name": "mini-sudoku-backend",
      "version": "0.1.0",
      "license": "UNLICENSED",
      "engines": {
        "node": ">=18"
      }
    }
  }
<<<<<<< HEAD
}
=======
}
>>>>>>> 999898fb12414e39433ead118c53f63076387f0c
